
Microsoft Visual Studio Solution File, Format Version 12.00
Project("{FAE04EC0-301F-11D3-BF4B-00C04F79EFBC}") = "Budget Tracker App", "Budget Tracker App.csproj", "{03C5BA2B-0C09-4E68-85BF-6C79913DF10A}"
EndProject
Global
	GlobalSection(SolutionConfigurationPlatforms) = preSolution
		Debug|Any CPU = Debug|Any CPU
		Release|Any CPU = Release|Any CPU
	EndGlobalSection
	GlobalSection(ProjectConfigurationPlatforms) = postSolution
		{03C5BA2B-0C09-4E68-85BF-6C79913DF10A}.Debug|Any CPU.ActiveCfg = Debug|Any CPU
		{03C5BA2B-0C09-4E68-85BF-6C79913DF10A}.Debug|Any CPU.Build.0 = Debug|Any CPU
		{03C5BA2B-0C09-4E68-85BF-6C79913DF10A}.Release|Any CPU.ActiveCfg = Release|Any CPU
		{03C5BA2B-0C09-4E68-85BF-6C79913DF10A}.Release|Any CPU.Build.0 = Release|Any CPU
	EndGlobalSection
EndGlobal
